PODS:
  - BRLMPrinterKit (4.9.1)
  - Capacitor (7.2.0):
    - CapacitorCordova
  - CapacitorApp (7.0.1):
    - Capacitor
  - CapacitorCordova (7.2.0)
  - CapacitorHaptics (7.0.1):
    - Capacitor
  - CapacitorKeyboard (7.0.1):
    - Capacitor
  - CapacitorStatusBar (7.0.1):
    - Capacitor
  - RdlaboCapacitorBrotherprint (7.0.0):
    - BRLMPrinterKit
    - Capacitor

DEPENDENCIES:
  - BRLMPrinterKit (from `../LocalPackages/BRLMPrinterKit`)
  - "Capacitor (from `../../node_modules/@capacitor/ios`)"
  - "CapacitorApp (from `../../node_modules/@capacitor/app`)"
  - "CapacitorCordova (from `../../node_modules/@capacitor/ios`)"
  - "CapacitorHaptics (from `../../node_modules/@capacitor/haptics`)"
  - "CapacitorKeyboard (from `../../node_modules/@capacitor/keyboard`)"
  - "CapacitorStatusBar (from `../../node_modules/@capacitor/status-bar`)"
  - RdlaboCapacitorBrotherprint (from `../../..`)

EXTERNAL SOURCES:
  BRLMPrinterKit:
    :path: "../LocalPackages/BRLMPrinterKit"
  Capacitor:
    :path: "../../node_modules/@capacitor/ios"
  CapacitorApp:
    :path: "../../node_modules/@capacitor/app"
  CapacitorCordova:
    :path: "../../node_modules/@capacitor/ios"
  CapacitorHaptics:
    :path: "../../node_modules/@capacitor/haptics"
  CapacitorKeyboard:
    :path: "../../node_modules/@capacitor/keyboard"
  CapacitorStatusBar:
    :path: "../../node_modules/@capacitor/status-bar"
  RdlaboCapacitorBrotherprint:
    :path: "../../.."

SPEC CHECKSUMS:
  BRLMPrinterKit: 1f7bd48f81b9206f410630ec5c055de442c72050
  Capacitor: 106e7a4205f4618d582b886a975657c61179138d
  CapacitorApp: d63334c052278caf5d81585d80b21905c6f93f39
  CapacitorCordova: 5967b9ba03915ef1d585469d6e31f31dc49be96f
  CapacitorHaptics: 70e47470fa1a6bd6338cd102552e3846b7f9a1b3
  CapacitorKeyboard: 969647d0ca2e5c737d7300088e2517aa832434e2
  CapacitorStatusBar: 275cbf2f4dfc00388f519ef80c7ec22edda342c9
  RdlaboCapacitorBrotherprint: 297b92b8d82fc4fb0ac2893b3c29f28f82097518

PODFILE CHECKSUM: 67a9ef60ee268256524bf466c2808cbbe55b3eff

COCOAPODS: 1.15.2
