PODS:
  - BRLMPrinterKit_v4 (4.9.1)
  - Capacitor (6.1.2):
    - CapacitorCordova
  - CapacitorApp (6.0.1):
    - Capacitor
  - CapacitorCordova (6.1.2)
  - CapacitorHaptics (6.0.1):
    - Capacitor
  - CapacitorKeyboard (6.0.2):
    - Capacitor
  - CapacitorStatusBar (6.0.1):
    - Capacitor
  - RdlaboCapacitorBrotherprint (6.3.0):
    - BRLMPrinterKit_v4
    - Capacitor

DEPENDENCIES:
  - BRLMPrinterKit_v4 (from `https://github.com/rdlabo/BRLMPrinterKit`, branch `feat/update_4_9_1`)
  - "Capacitor (from `../../node_modules/@capacitor/ios`)"
  - "CapacitorApp (from `../../node_modules/@capacitor/app`)"
  - "CapacitorCordova (from `../../node_modules/@capacitor/ios`)"
  - "CapacitorHaptics (from `../../node_modules/@capacitor/haptics`)"
  - "CapacitorKeyboard (from `../../node_modules/@capacitor/keyboard`)"
  - "CapacitorStatusBar (from `../../node_modules/@capacitor/status-bar`)"
  - RdlaboCapacitorBrotherprint (from `../../..`)

EXTERNAL SOURCES:
  BRLMPrinterKit_v4:
    :branch: feat/update_4_9_1
    :git: https://github.com/rdlabo/BRLMPrinterKit
  Capacitor:
    :path: "../../node_modules/@capacitor/ios"
  CapacitorApp:
    :path: "../../node_modules/@capacitor/app"
  CapacitorCordova:
    :path: "../../node_modules/@capacitor/ios"
  CapacitorHaptics:
    :path: "../../node_modules/@capacitor/haptics"
  CapacitorKeyboard:
    :path: "../../node_modules/@capacitor/keyboard"
  CapacitorStatusBar:
    :path: "../../node_modules/@capacitor/status-bar"
  RdlaboCapacitorBrotherprint:
    :path: "../../.."

CHECKOUT OPTIONS:
  BRLMPrinterKit_v4:
    :commit: 7fb27cda1dbbf7849d5eb24b3464bbb6a38ee0f6
    :git: https://github.com/rdlabo/BRLMPrinterKit

SPEC CHECKSUMS:
  BRLMPrinterKit_v4: 897535d1daabef525bee65c2cd3d8d6aebb79c90
  Capacitor: 679f9673fdf30597493a6362a5d5bf233d46abc2
  CapacitorApp: 0bc633b4eae40a1f32cd2834788fad3bc42da6a1
  CapacitorCordova: f48c89f96c319101cd2f0ce8a2b7449b5fb8b3dd
  CapacitorHaptics: fe689ade56ef20ec9b041a753c6da70c5d8ec9a9
  CapacitorKeyboard: 2700f9b18687be021e28b5a09b59eb151a46d5e0
  CapacitorStatusBar: b81d4fb5d4e0064c712018071b3ab4b810b39a63
  RdlaboCapacitorBrotherprint: 54e4716d138dd4952fc0d3188818002f395d1144

PODFILE CHECKSUM: 81f191debd37c3b29abbfe819ac7313b8ba0d109

COCOAPODS: 1.15.2
